<?xml version="1.0" encoding="utf-8"?>
<Project ToolsVersion="4.0" xmlns="http://schemas.microsoft.com/developer/msbuild/2003">
  <ItemGroup>
    <Filter Include="Source Files">
      <UniqueIdentifier>{4FC737F1-C7A5-4376-A066-2A32D752A2FF}</UniqueIdentifier>
      <Extensions>cpp;c;cc;cxx;def;odl;idl;hpj;bat;asm;asmx</Extensions>
    </Filter>
    <Filter Include="Header Files">
      <UniqueIdentifier>{93995380-89BD-4b04-88EB-625FBE52EBFB}</UniqueIdentifier>
      <Extensions>h;hh;hpp;hxx;hm;inl;inc;xsd</Extensions>
    </Filter>
    <Filter Include="Resource Files">
      <UniqueIdentifier>{67DA6AB6-F800-4c08-8B7A-83BB121AAD01}</UniqueIdentifier>
      <Extensions>rc;ico;cur;bmp;dlg;rc2;rct;bin;rgs;gif;jpg;jpeg;jpe;resx;tiff;tif;png;wav</Extensions>
    </Filter>
    <Filter Include="Source Files\Third Party">
      <UniqueIdentifier>{8dfd6cf3-5eca-4d2a-8157-42b10f41a9d3}</UniqueIdentifier>
    </Filter>
    <Filter Include="Source Files\Model">
      <UniqueIdentifier>{bca55d98-e97e-49fd-a399-97cb528b9ec5}</UniqueIdentifier>
    </Filter>
    <Filter Include="Source Files\Shaders">
      <UniqueIdentifier>{7951d753-bbfd-4575-bfe7-add3ea18761e}</UniqueIdentifier>
    </Filter>
    <Filter Include="Source Files\Camera">
      <UniqueIdentifier>{d8289090-388b-4175-a9cc-7cc020966c41}</UniqueIdentifier>
    </Filter>
    <Filter Include="Source Files\Scene">
      <UniqueIdentifier>{a0b92ba0-aa6b-48f0-9b2f-94751baa2013}</UniqueIdentifier>
    </Filter>
  </ItemGroup>
  <ItemGroup>
    <ClCompile Include="src\main.cpp">
      <Filter>Source Files</Filter>
    </ClCompile>
    <ClCompile Include="third_party\glad\glad.c">
      <Filter>Source Files\Third Party</Filter>
    </ClCompile>
    <ClCompile Include="src\model\model.cpp">
      <Filter>Source Files\Model</Filter>
    </ClCompile>
    <ClCompile Include="third_party\fastgltf\base64.cpp">
      <Filter>Source Files\Third Party</Filter>
    </ClCompile>
    <ClCompile Include="third_party\fastgltf\fastgltf.cpp">
      <Filter>Source Files\Third Party</Filter>
    </ClCompile>
    <ClCompile Include="third_party\fastgltf\io.cpp">
      <Filter>Source Files\Third Party</Filter>
    </ClCompile>
    <ClCompile Include="third_party\simdjson.cpp">
      <Filter>Source Files\Third Party</Filter>
    </ClCompile>
    <ClCompile Include="third_party\imgui\imgui.cpp">
      <Filter>Source Files\Third Party</Filter>
    </ClCompile>
    <ClCompile Include="third_party\imgui\imgui_demo.cpp">
      <Filter>Source Files\Third Party</Filter>
    </ClCompile>
    <ClCompile Include="third_party\imgui\imgui_draw.cpp">
      <Filter>Source Files\Third Party</Filter>
    </ClCompile>
    <ClCompile Include="third_party\imgui\imgui_impl_opengl3.cpp">
      <Filter>Source Files\Third Party</Filter>
    </ClCompile>
    <ClCompile Include="third_party\imgui\imgui_tables.cpp">
      <Filter>Source Files\Third Party</Filter>
    </ClCompile>
    <ClCompile Include="third_party\imgui\imgui_widgets.cpp">
      <Filter>Source Files\Third Party</Filter>
    </ClCompile>
    <ClCompile Include="third_party\imgui\imgui_impl_sdl2.cpp">
      <Filter>Source Files\Third Party</Filter>
    </ClCompile>
    <ClCompile Include="src\camera\camera.cpp">
      <Filter>Source Files\Camera</Filter>
    </ClCompile>
    <ClCompile Include="third_party\meshoptimizer\clusterizer.cpp">
      <Filter>Source Files\Third Party</Filter>
    </ClCompile>
    <ClCompile Include="src\scene\scene.cpp">
      <Filter>Source Files\Scene</Filter>
    </ClCompile>
  </ItemGroup>
  <ItemGroup>
    <ClInclude Include="third_party\sdl\begin_code.h">
      <Filter>Header Files</Filter>
    </ClInclude>
    <ClInclude Include="third_party\sdl\close_code.h">
      <Filter>Header Files</Filter>
    </ClInclude>
    <ClInclude Include="third_party\sdl\SDL.h">
      <Filter>Header Files</Filter>
    </ClInclude>
    <ClInclude Include="third_party\sdl\SDL_assert.h">
      <Filter>Header Files</Filter>
    </ClInclude>
    <ClInclude Include="third_party\sdl\SDL_atomic.h">
      <Filter>Header Files</Filter>
    </ClInclude>
    <ClInclude Include="third_party\sdl\SDL_audio.h">
      <Filter>Header Files</Filter>
    </ClInclude>
    <ClInclude Include="third_party\sdl\SDL_bits.h">
      <Filter>Header Files</Filter>
    </ClInclude>
    <ClInclude Include="third_party\sdl\SDL_blendmode.h">
      <Filter>Header Files</Filter>
    </ClInclude>
    <ClInclude Include="third_party\sdl\SDL_clipboard.h">
      <Filter>Header Files</Filter>
    </ClInclude>
    <ClInclude Include="third_party\sdl\SDL_config.h">
      <Filter>Header Files</Filter>
    </ClInclude>
    <ClInclude Include="third_party\sdl\SDL_config_android.h">
      <Filter>Header Files</Filter>
    </ClInclude>
    <ClInclude Include="third_party\sdl\SDL_config_iphoneos.h">
      <Filter>Header Files</Filter>
    </ClInclude>
    <ClInclude Include="third_party\sdl\SDL_config_macosx.h">
      <Filter>Header Files</Filter>
    </ClInclude>
    <ClInclude Include="third_party\sdl\SDL_config_minimal.h">
      <Filter>Header Files</Filter>
    </ClInclude>
    <ClInclude Include="third_party\sdl\SDL_config_pandora.h">
      <Filter>Header Files</Filter>
    </ClInclude>
    <ClInclude Include="third_party\sdl\SDL_config_psp.h">
      <Filter>Header Files</Filter>
    </ClInclude>
    <ClInclude Include="third_party\sdl\SDL_config_windows.h">
      <Filter>Header Files</Filter>
    </ClInclude>
    <ClInclude Include="third_party\sdl\SDL_config_winrt.h">
      <Filter>Header Files</Filter>
    </ClInclude>
    <ClInclude Include="third_party\sdl\SDL_config_wiz.h">
      <Filter>Header Files</Filter>
    </ClInclude>
    <ClInclude Include="third_party\sdl\SDL_copying.h">
      <Filter>Header Files</Filter>
    </ClInclude>
    <ClInclude Include="third_party\sdl\SDL_cpuinfo.h">
      <Filter>Header Files</Filter>
    </ClInclude>
    <ClInclude Include="third_party\sdl\SDL_egl.h">
      <Filter>Header Files</Filter>
    </ClInclude>
    <ClInclude Include="third_party\sdl\SDL_endian.h">
      <Filter>Header Files</Filter>
    </ClInclude>
    <ClInclude Include="third_party\sdl\SDL_error.h">
      <Filter>Header Files</Filter>
    </ClInclude>
    <ClInclude Include="third_party\sdl\SDL_events.h">
      <Filter>Header Files</Filter>
    </ClInclude>
    <ClInclude Include="third_party\sdl\SDL_filesystem.h">
      <Filter>Header Files</Filter>
    </ClInclude>
    <ClInclude Include="third_party\sdl\SDL_gamecontroller.h">
      <Filter>Header Files</Filter>
    </ClInclude>
    <ClInclude Include="third_party\sdl\SDL_gesture.h">
      <Filter>Header Files</Filter>
    </ClInclude>
    <ClInclude Include="third_party\sdl\SDL_guid.h">
      <Filter>Header Files</Filter>
    </ClInclude>
    <ClInclude Include="third_party\sdl\SDL_haptic.h">
      <Filter>Header Files</Filter>
    </ClInclude>
    <ClInclude Include="third_party\sdl\SDL_hidapi.h">
      <Filter>Header Files</Filter>
    </ClInclude>
    <ClInclude Include="third_party\sdl\SDL_hints.h">
      <Filter>Header Files</Filter>
    </ClInclude>
    <ClInclude Include="third_party\sdl\SDL_joystick.h">
      <Filter>Header Files</Filter>
    </ClInclude>
    <ClInclude Include="third_party\sdl\SDL_keyboard.h">
      <Filter>Header Files</Filter>
    </ClInclude>
    <ClInclude Include="third_party\sdl\SDL_keycode.h">
      <Filter>Header Files</Filter>
    </ClInclude>
    <ClInclude Include="third_party\sdl\SDL_loadso.h">
      <Filter>Header Files</Filter>
    </ClInclude>
    <ClInclude Include="third_party\sdl\SDL_locale.h">
      <Filter>Header Files</Filter>
    </ClInclude>
    <ClInclude Include="third_party\sdl\SDL_log.h">
      <Filter>Header Files</Filter>
    </ClInclude>
    <ClInclude Include="third_party\sdl\SDL_main.h">
      <Filter>Header Files</Filter>
    </ClInclude>
    <ClInclude Include="third_party\sdl\SDL_messagebox.h">
      <Filter>Header Files</Filter>
    </ClInclude>
    <ClInclude Include="third_party\sdl\SDL_metal.h">
      <Filter>Header Files</Filter>
    </ClInclude>
    <ClInclude Include="third_party\sdl\SDL_misc.h">
      <Filter>Header Files</Filter>
    </ClInclude>
    <ClInclude Include="third_party\sdl\SDL_mouse.h">
      <Filter>Header Files</Filter>
    </ClInclude>
    <ClInclude Include="third_party\sdl\SDL_mutex.h">
      <Filter>Header Files</Filter>
    </ClInclude>
    <ClInclude Include="third_party\sdl\SDL_name.h">
      <Filter>Header Files</Filter>
    </ClInclude>
    <ClInclude Include="third_party\sdl\SDL_opengl.h">
      <Filter>Header Files</Filter>
    </ClInclude>
    <ClInclude Include="third_party\sdl\SDL_opengles.h">
      <Filter>Header Files</Filter>
    </ClInclude>
    <ClInclude Include="third_party\sdl\SDL_opengles2.h">
      <Filter>Header Files</Filter>
    </ClInclude>
    <ClInclude Include="third_party\sdl\SDL_opengles2_gl2.h">
      <Filter>Header Files</Filter>
    </ClInclude>
    <ClInclude Include="third_party\sdl\SDL_opengles2_gl2ext.h">
      <Filter>Header Files</Filter>
    </ClInclude>
    <ClInclude Include="third_party\sdl\SDL_opengles2_gl2platform.h">
      <Filter>Header Files</Filter>
    </ClInclude>
    <ClInclude Include="third_party\sdl\SDL_opengles2_khrplatform.h">
      <Filter>Header Files</Filter>
    </ClInclude>
    <ClInclude Include="third_party\sdl\SDL_opengl_glext.h">
      <Filter>Header Files</Filter>
    </ClInclude>
    <ClInclude Include="third_party\sdl\SDL_pixels.h">
      <Filter>Header Files</Filter>
    </ClInclude>
    <ClInclude Include="third_party\sdl\SDL_platform.h">
      <Filter>Header Files</Filter>
    </ClInclude>
    <ClInclude Include="third_party\sdl\SDL_power.h">
      <Filter>Header Files</Filter>
    </ClInclude>
    <ClInclude Include="third_party\sdl\SDL_quit.h">
      <Filter>Header Files</Filter>
    </ClInclude>
    <ClInclude Include="third_party\sdl\SDL_rect.h">
      <Filter>Header Files</Filter>
    </ClInclude>
    <ClInclude Include="third_party\sdl\SDL_render.h">
      <Filter>Header Files</Filter>
    </ClInclude>
    <ClInclude Include="third_party\sdl\SDL_revision.h">
      <Filter>Header Files</Filter>
    </ClInclude>
    <ClInclude Include="third_party\sdl\SDL_rwops.h">
      <Filter>Header Files</Filter>
    </ClInclude>
    <ClInclude Include="third_party\sdl\SDL_scancode.h">
      <Filter>Header Files</Filter>
    </ClInclude>
    <ClInclude Include="third_party\sdl\SDL_sensor.h">
      <Filter>Header Files</Filter>
    </ClInclude>
    <ClInclude Include="third_party\sdl\SDL_shape.h">
      <Filter>Header Files</Filter>
    </ClInclude>
    <ClInclude Include="third_party\sdl\SDL_stdinc.h">
      <Filter>Header Files</Filter>
    </ClInclude>
    <ClInclude Include="third_party\sdl\SDL_surface.h">
      <Filter>Header Files</Filter>
    </ClInclude>
    <ClInclude Include="third_party\sdl\SDL_system.h">
      <Filter>Header Files</Filter>
    </ClInclude>
    <ClInclude Include="third_party\sdl\SDL_syswm.h">
      <Filter>Header Files</Filter>
    </ClInclude>
    <ClInclude Include="third_party\sdl\SDL_test.h">
      <Filter>Header Files</Filter>
    </ClInclude>
    <ClInclude Include="third_party\sdl\SDL_test_assert.h">
      <Filter>Header Files</Filter>
    </ClInclude>
    <ClInclude Include="third_party\sdl\SDL_test_common.h">
      <Filter>Header Files</Filter>
    </ClInclude>
    <ClInclude Include="third_party\sdl\SDL_test_compare.h">
      <Filter>Header Files</Filter>
    </ClInclude>
    <ClInclude Include="third_party\sdl\SDL_test_crc32.h">
      <Filter>Header Files</Filter>
    </ClInclude>
    <ClInclude Include="third_party\sdl\SDL_test_font.h">
      <Filter>Header Files</Filter>
    </ClInclude>
    <ClInclude Include="third_party\sdl\SDL_test_fuzzer.h">
      <Filter>Header Files</Filter>
    </ClInclude>
    <ClInclude Include="third_party\sdl\SDL_test_harness.h">
      <Filter>Header Files</Filter>
    </ClInclude>
    <ClInclude Include="third_party\sdl\SDL_test_images.h">
      <Filter>Header Files</Filter>
    </ClInclude>
    <ClInclude Include="third_party\sdl\SDL_test_log.h">
      <Filter>Header Files</Filter>
    </ClInclude>
    <ClInclude Include="third_party\sdl\SDL_test_md5.h">
      <Filter>Header Files</Filter>
    </ClInclude>
    <ClInclude Include="third_party\sdl\SDL_test_memory.h">
      <Filter>Header Files</Filter>
    </ClInclude>
    <ClInclude Include="third_party\sdl\SDL_test_random.h">
      <Filter>Header Files</Filter>
    </ClInclude>
    <ClInclude Include="third_party\sdl\SDL_thread.h">
      <Filter>Header Files</Filter>
    </ClInclude>
    <ClInclude Include="third_party\sdl\SDL_timer.h">
      <Filter>Header Files</Filter>
    </ClInclude>
    <ClInclude Include="third_party\sdl\SDL_touch.h">
      <Filter>Header Files</Filter>
    </ClInclude>
    <ClInclude Include="third_party\sdl\SDL_types.h">
      <Filter>Header Files</Filter>
    </ClInclude>
    <ClInclude Include="third_party\sdl\SDL_version.h">
      <Filter>Header Files</Filter>
    </ClInclude>
    <ClInclude Include="third_party\sdl\SDL_video.h">
      <Filter>Header Files</Filter>
    </ClInclude>
    <ClInclude Include="third_party\sdl\SDL_vulkan.h">
      <Filter>Header Files</Filter>
    </ClInclude>
    <ClInclude Include="src\model\model.hpp">
      <Filter>Source Files\Model</Filter>
    </ClInclude>
    <ClInclude Include="src\camera\camera.hpp">
      <Filter>Source Files\Camera</Filter>
    </ClInclude>
    <ClInclude Include="src\scene\scene.hpp">
      <Filter>Source Files\Scene</Filter>
    </ClInclude>
  </ItemGroup>
  <ItemGroup>
    <None Include="src\shaders\uber.frag">
      <Filter>Source Files\Shaders</Filter>
    </None>
    <None Include="src\shaders\uber.vert">
      <Filter>Source Files\Shaders</Filter>
    </None>
    <None Include="src\shaders\transparent.frag">
      <Filter>Source Files\Shaders</Filter>
    </None>
    <None Include="src\shaders\comp.frag">
      <Filter>Source Files\Shaders</Filter>
    </None>
    <None Include="src\shaders\comp.vert">
      <Filter>Source Files\Shaders</Filter>
    </None>
    <None Include="src\shaders\lighting.frag">
      <Filter>Source Files\Shaders</Filter>
    </None>
    <None Include="src\shaders\triangle_cull.comp">
      <Filter>Source Files\Shaders</Filter>
    </None>
    <None Include="src\shaders\occluder_batch.comp">
      <Filter>Source Files\Shaders</Filter>
    </None>
    <None Include="src\shaders\cluster_batch.comp">
      <Filter>Source Files\Shaders</Filter>
    </None>
    <None Include="src\shaders\depth_downsample.comp">
      <Filter>Source Files\Shaders</Filter>
    </None>
  </ItemGroup>
</Project>